
Microsoft Visual Studio Solution File, Format Version 12.00
# Visual Studio Version 16
VisualStudioVersion = 16.0.30114.105
MinimumVisualStudioVersion = 10.0.40219.1
Project("{9A19103F-16F7-4668-BE54-9A1E7A4F7556}") = "Plugin", "Plugin\Plugin.csproj", "{47E8A9A7-533E-4957-B741-B1491ED26DA1}"
EndProject
Project("{9A19103F-16F7-4668-BE54-9A1E7A4F7556}") = "Plugin.Core", "Plugin.Core\Plugin.Core.csproj", "{47D3D4E3-860C-4539-9D9E-9ECCEECFE7FE}"
EndProject
Project("{9A19103F-16F7-4668-BE54-9A1E7A4F7556}") = "Plugin.Nba", "Plugin.Nba\Plugin.Nba.csproj", "{D757998D-2589-4DDC-BE49-3D0BACDD7220}"
EndProject
Project("{FAE04EC0-301F-11D3-BF4B-00C04F79EFBC}") = "Plugin.Nba.Contracts", "Plugin.Nba.Contracts\Plugin.Nba.Contracts.csproj", "{BA977CAF-94E5-4332-B82D-FE50686505F3}"
EndProject
Global
	GlobalSection(SolutionConfigurationPlatforms) = preSolution
		Debug|Any CPU = Debug|Any CPU
		Release|Any CPU = Release|Any CPU
	EndGlobalSection
	GlobalSection(ProjectConfigurationPlatforms) = postSolution
		{47E8A9A7-533E-4957-B741-B1491ED26DA1}.Debug|Any CPU.ActiveCfg = Debug|Any CPU
		{47E8A9A7-533E-4957-B741-B1491ED26DA1}.Debug|Any CPU.Build.0 = Debug|Any CPU
		{47E8A9A7-533E-4957-B741-B1491ED26DA1}.Release|Any CPU.ActiveCfg = Release|Any CPU
		{47E8A9A7-533E-4957-B741-B1491ED26DA1}.Release|Any CPU.Build.0 = Release|Any CPU
		{47D3D4E3-860C-4539-9D9E-9ECCEECFE7FE}.Debug|Any CPU.ActiveCfg = Debug|Any CPU
		{47D3D4E3-860C-4539-9D9E-9ECCEECFE7FE}.Debug|Any CPU.Build.0 = Debug|Any CPU
		{47D3D4E3-860C-4539-9D9E-9ECCEECFE7FE}.Release|Any CPU.ActiveCfg = Release|Any CPU
		{47D3D4E3-860C-4539-9D9E-9ECCEECFE7FE}.Release|Any CPU.Build.0 = Release|Any CPU
		{D757998D-2589-4DDC-BE49-3D0BACDD7220}.Debug|Any CPU.ActiveCfg = Debug|Any CPU
		{D757998D-2589-4DDC-BE49-3D0BACDD7220}.Debug|Any CPU.Build.0 = Debug|Any CPU
		{D757998D-2589-4DDC-BE49-3D0BACDD7220}.Release|Any CPU.ActiveCfg = Release|Any CPU
		{D757998D-2589-4DDC-BE49-3D0BACDD7220}.Release|Any CPU.Build.0 = Release|Any CPU
		{BA977CAF-94E5-4332-B82D-FE50686505F3}.Debug|Any CPU.ActiveCfg = Debug|Any CPU
		{BA977CAF-94E5-4332-B82D-FE50686505F3}.Debug|Any CPU.Build.0 = Debug|Any CPU
		{BA977CAF-94E5-4332-B82D-FE50686505F3}.Release|Any CPU.ActiveCfg = Release|Any CPU
		{BA977CAF-94E5-4332-B82D-FE50686505F3}.Release|Any CPU.Build.0 = Release|Any CPU
	EndGlobalSection
	GlobalSection(SolutionProperties) = preSolution
		HideSolutionNode = FALSE
	EndGlobalSection
	GlobalSection(ExtensibilityGlobals) = postSolution
		SolutionGuid = {E83FF0B9-DE76-48F8-81CF-9685B518D0D1}
	EndGlobalSection
EndGlobal
